
Microsoft Visual Studio Solution File, Format Version 9.00
# Visual Studio 2005
Project("{FAE04EC0-301F-11D3-BF4B-00C04F79EFBC}") = "BMInOut", "BMInOut\BMInOut.csproj", "{44C34417-222B-4140-8884-41A7D50517E7}"
EndProject
Project("{FAE04EC0-301F-11D3-BF4B-00C04F79EFBC}") = "Timer", "Timer\Timer.csproj", "{D662FE1C-AC30-4C0B-AAAC-789B6C150E21}"
EndProject
Project("{FAE04EC0-301F-11D3-BF4B-00C04F79EFBC}") = "Random", "Random\Random.csproj", "{228112C8-DD89-446F-9D6F-A12D9B528CF3}"
EndProject
Project("{FAE04EC0-301F-11D3-BF4B-00C04F79EFBC}") = "SP", "SP\SP.csproj", "{C57D34BA-B587-47C2-9BE0-A4F3354ABD3C}"
EndProject
Project("{FAE04EC0-301F-11D3-BF4B-00C04F79EFBC}") = "BT", "BT\BT.csproj", "{6430276D-999E-4A75-8837-A30C47A341A3}"
EndProject
Project("{FAE04EC0-301F-11D3-BF4B-00C04F79EFBC}") = "LU", "LU\LU.csproj", "{AA5036F6-C07A-4D99-AA3A-39ECCE94B51E}"
EndProject
Project("{FAE04EC0-301F-11D3-BF4B-00C04F79EFBC}") = "FT", "FT\FT.csproj", "{644CE870-FBD4-4024-91AF-B8B8EDCACE09}"
EndProject
Project("{FAE04EC0-301F-11D3-BF4B-00C04F79EFBC}") = "IS", "IS\IS.csproj", "{E75664A2-8932-49B0-8DE7-7A6D792BE674}"
EndProject
Project("{FAE04EC0-301F-11D3-BF4B-00C04F79EFBC}") = "CG", "CG\CG.csproj", "{55A8D60C-59FE-411E-80DC-E0E1D699B61A}"
EndProject
Global
	GlobalSection(SubversionScc) = preSolution
		Svn-Managed = True
		Manager = AnkhSVN - Subversion Support for Visual Studio
	EndGlobalSection
	GlobalSection(SolutionConfigurationPlatforms) = preSolution
		Debug|Any CPU = Debug|Any CPU
		Release|Any CPU = Release|Any CPU
	EndGlobalSection
	GlobalSection(ProjectConfigurationPlatforms) = postSolution
		{44C34417-222B-4140-8884-41A7D50517E7}.Debug|Any CPU.ActiveCfg = Debug|Any CPU
		{44C34417-222B-4140-8884-41A7D50517E7}.Debug|Any CPU.Build.0 = Debug|Any CPU
		{44C34417-222B-4140-8884-41A7D50517E7}.Release|Any CPU.ActiveCfg = Release|Any CPU
		{44C34417-222B-4140-8884-41A7D50517E7}.Release|Any CPU.Build.0 = Release|Any CPU
		{D662FE1C-AC30-4C0B-AAAC-789B6C150E21}.Debug|Any CPU.ActiveCfg = Debug|Any CPU
		{D662FE1C-AC30-4C0B-AAAC-789B6C150E21}.Debug|Any CPU.Build.0 = Debug|Any CPU
		{D662FE1C-AC30-4C0B-AAAC-789B6C150E21}.Release|Any CPU.ActiveCfg = Release|Any CPU
		{D662FE1C-AC30-4C0B-AAAC-789B6C150E21}.Release|Any CPU.Build.0 = Release|Any CPU
		{228112C8-DD89-446F-9D6F-A12D9B528CF3}.Debug|Any CPU.ActiveCfg = Debug|Any CPU
		{228112C8-DD89-446F-9D6F-A12D9B528CF3}.Debug|Any CPU.Build.0 = Debug|Any CPU
		{228112C8-DD89-446F-9D6F-A12D9B528CF3}.Release|Any CPU.ActiveCfg = Release|Any CPU
		{228112C8-DD89-446F-9D6F-A12D9B528CF3}.Release|Any CPU.Build.0 = Release|Any CPU
		{C57D34BA-B587-47C2-9BE0-A4F3354ABD3C}.Debug|Any CPU.ActiveCfg = Debug|Any CPU
		{C57D34BA-B587-47C2-9BE0-A4F3354ABD3C}.Debug|Any CPU.Build.0 = Debug|Any CPU
		{C57D34BA-B587-47C2-9BE0-A4F3354ABD3C}.Release|Any CPU.ActiveCfg = Release|Any CPU
		{C57D34BA-B587-47C2-9BE0-A4F3354ABD3C}.Release|Any CPU.Build.0 = Release|Any CPU
		{6430276D-999E-4A75-8837-A30C47A341A3}.Debug|Any CPU.ActiveCfg = Debug|Any CPU
		{6430276D-999E-4A75-8837-A30C47A341A3}.Debug|Any CPU.Build.0 = Debug|Any CPU
		{6430276D-999E-4A75-8837-A30C47A341A3}.Release|Any CPU.ActiveCfg = Release|Any CPU
		{6430276D-999E-4A75-8837-A30C47A341A3}.Release|Any CPU.Build.0 = Release|Any CPU
		{AA5036F6-C07A-4D99-AA3A-39ECCE94B51E}.Debug|Any CPU.ActiveCfg = Debug|Any CPU
		{AA5036F6-C07A-4D99-AA3A-39ECCE94B51E}.Debug|Any CPU.Build.0 = Debug|Any CPU
		{AA5036F6-C07A-4D99-AA3A-39ECCE94B51E}.Release|Any CPU.ActiveCfg = Release|Any CPU
		{AA5036F6-C07A-4D99-AA3A-39ECCE94B51E}.Release|Any CPU.Build.0 = Release|Any CPU
		{644CE870-FBD4-4024-91AF-B8B8EDCACE09}.Debug|Any CPU.ActiveCfg = Debug|Any CPU
		{644CE870-FBD4-4024-91AF-B8B8EDCACE09}.Debug|Any CPU.Build.0 = Debug|Any CPU
		{644CE870-FBD4-4024-91AF-B8B8EDCACE09}.Release|Any CPU.ActiveCfg = Release|Any CPU
		{644CE870-FBD4-4024-91AF-B8B8EDCACE09}.Release|Any CPU.Build.0 = Release|Any CPU
		{E75664A2-8932-49B0-8DE7-7A6D792BE674}.Debug|Any CPU.ActiveCfg = Debug|Any CPU
		{E75664A2-8932-49B0-8DE7-7A6D792BE674}.Debug|Any CPU.Build.0 = Debug|Any CPU
		{E75664A2-8932-49B0-8DE7-7A6D792BE674}.Release|Any CPU.ActiveCfg = Release|Any CPU
		{E75664A2-8932-49B0-8DE7-7A6D792BE674}.Release|Any CPU.Build.0 = Release|Any CPU
		{55A8D60C-59FE-411E-80DC-E0E1D699B61A}.Debug|Any CPU.ActiveCfg = Debug|Any CPU
		{55A8D60C-59FE-411E-80DC-E0E1D699B61A}.Debug|Any CPU.Build.0 = Debug|Any CPU
		{55A8D60C-59FE-411E-80DC-E0E1D699B61A}.Release|Any CPU.ActiveCfg = Release|Any CPU
		{55A8D60C-59FE-411E-80DC-E0E1D699B61A}.Release|Any CPU.Build.0 = Release|Any CPU
	EndGlobalSection
	GlobalSection(SolutionProperties) = preSolution
		HideSolutionNode = FALSE
	EndGlobalSection
EndGlobal
