
Microsoft Visual Studio Solution File, Format Version 9.00
# Visual Studio 2005
Project("{E6FDF86B-F3D1-11D4-8576-0002A516ECE8}") = "SP", "SP\SP.vjsproj", "{AA0A1170-0E02-4253-97B3-63E68C62FBD3}"
EndProject
Project("{E6FDF86B-F3D1-11D4-8576-0002A516ECE8}") = "BMInOut", "BMInOut\BMInOut.vjsproj", "{303EB8C8-79DA-4821-85D2-C5A189B7D0D3}"
EndProject
Project("{E6FDF86B-F3D1-11D4-8576-0002A516ECE8}") = "Timer", "Timer\Timer.vjsproj", "{6252FC67-77E7-43B0-8062-0882A6D8B733}"
EndProject
Project("{E6FDF86B-F3D1-11D4-8576-0002A516ECE8}") = "BT", "BT\BT.vjsproj", "{5D86B6A4-7B8A-478C-98AA-58B333F68862}"
EndProject
Project("{E6FDF86B-F3D1-11D4-8576-0002A516ECE8}") = "LU", "LU\LU.vjsproj", "{0F5DB532-14AF-4915-ADFD-C5B540D97AC3}"
EndProject
Project("{E6FDF86B-F3D1-11D4-8576-0002A516ECE8}") = "FT", "FT\FT.vjsproj", "{5BC9B18C-C7FE-4714-AD1B-DFAF8B472D88}"
EndProject
Project("{E6FDF86B-F3D1-11D4-8576-0002A516ECE8}") = "Random", "Random\Random.vjsproj", "{C75BC994-CDCF-4B55-8A53-ADA2DDED758A}"
EndProject
Project("{E6FDF86B-F3D1-11D4-8576-0002A516ECE8}") = "IS", "IS\IS.vjsproj", "{D842639A-2E8B-466D-B47F-4C630B6EF3BC}"
EndProject
Project("{E6FDF86B-F3D1-11D4-8576-0002A516ECE8}") = "CG", "CG\CG.vjsproj", "{CFCDCCD5-B184-4D5A-A41B-6F8B6AE1CAD1}"
EndProject
Project("{E6FDF86B-F3D1-11D4-8576-0002A516ECE8}") = "MG", "MG\MG.vjsproj", "{1706D526-1ADC-4107-9EA2-67C5F46E6851}"
EndProject
Global
	GlobalSection(SubversionScc) = preSolution
		Svn-Managed = True
		Manager = AnkhSVN - Subversion Support for Visual Studio
	EndGlobalSection
	GlobalSection(SolutionConfigurationPlatforms) = preSolution
		Debug|x86 = Debug|x86
		Release|x86 = Release|x86
	EndGlobalSection
	GlobalSection(ProjectConfigurationPlatforms) = postSolution
		{AA0A1170-0E02-4253-97B3-63E68C62FBD3}.Debug|x86.ActiveCfg = Debug|x86
		{AA0A1170-0E02-4253-97B3-63E68C62FBD3}.Debug|x86.Build.0 = Debug|x86
		{AA0A1170-0E02-4253-97B3-63E68C62FBD3}.Release|x86.ActiveCfg = Release|x86
		{AA0A1170-0E02-4253-97B3-63E68C62FBD3}.Release|x86.Build.0 = Release|x86
		{303EB8C8-79DA-4821-85D2-C5A189B7D0D3}.Debug|x86.ActiveCfg = Debug|x86
		{303EB8C8-79DA-4821-85D2-C5A189B7D0D3}.Debug|x86.Build.0 = Debug|x86
		{303EB8C8-79DA-4821-85D2-C5A189B7D0D3}.Release|x86.ActiveCfg = Release|x86
		{303EB8C8-79DA-4821-85D2-C5A189B7D0D3}.Release|x86.Build.0 = Release|x86
		{6252FC67-77E7-43B0-8062-0882A6D8B733}.Debug|x86.ActiveCfg = Debug|x86
		{6252FC67-77E7-43B0-8062-0882A6D8B733}.Debug|x86.Build.0 = Debug|x86
		{6252FC67-77E7-43B0-8062-0882A6D8B733}.Release|x86.ActiveCfg = Release|x86
		{6252FC67-77E7-43B0-8062-0882A6D8B733}.Release|x86.Build.0 = Release|x86
		{5D86B6A4-7B8A-478C-98AA-58B333F68862}.Debug|x86.ActiveCfg = Debug|x86
		{5D86B6A4-7B8A-478C-98AA-58B333F68862}.Debug|x86.Build.0 = Debug|x86
		{5D86B6A4-7B8A-478C-98AA-58B333F68862}.Release|x86.ActiveCfg = Release|x86
		{5D86B6A4-7B8A-478C-98AA-58B333F68862}.Release|x86.Build.0 = Release|x86
		{0F5DB532-14AF-4915-ADFD-C5B540D97AC3}.Debug|x86.ActiveCfg = Debug|x86
		{0F5DB532-14AF-4915-ADFD-C5B540D97AC3}.Debug|x86.Build.0 = Debug|x86
		{0F5DB532-14AF-4915-ADFD-C5B540D97AC3}.Release|x86.ActiveCfg = Release|x86
		{0F5DB532-14AF-4915-ADFD-C5B540D97AC3}.Release|x86.Build.0 = Release|x86
		{5BC9B18C-C7FE-4714-AD1B-DFAF8B472D88}.Debug|x86.ActiveCfg = Debug|x86
		{5BC9B18C-C7FE-4714-AD1B-DFAF8B472D88}.Debug|x86.Build.0 = Debug|x86
		{5BC9B18C-C7FE-4714-AD1B-DFAF8B472D88}.Release|x86.ActiveCfg = Release|x86
		{5BC9B18C-C7FE-4714-AD1B-DFAF8B472D88}.Release|x86.Build.0 = Release|x86
		{C75BC994-CDCF-4B55-8A53-ADA2DDED758A}.Debug|x86.ActiveCfg = Debug|x86
		{C75BC994-CDCF-4B55-8A53-ADA2DDED758A}.Debug|x86.Build.0 = Debug|x86
		{C75BC994-CDCF-4B55-8A53-ADA2DDED758A}.Release|x86.ActiveCfg = Release|x86
		{C75BC994-CDCF-4B55-8A53-ADA2DDED758A}.Release|x86.Build.0 = Release|x86
		{D842639A-2E8B-466D-B47F-4C630B6EF3BC}.Debug|x86.ActiveCfg = Debug|x86
		{D842639A-2E8B-466D-B47F-4C630B6EF3BC}.Debug|x86.Build.0 = Debug|x86
		{D842639A-2E8B-466D-B47F-4C630B6EF3BC}.Release|x86.ActiveCfg = Release|x86
		{D842639A-2E8B-466D-B47F-4C630B6EF3BC}.Release|x86.Build.0 = Release|x86
		{CFCDCCD5-B184-4D5A-A41B-6F8B6AE1CAD1}.Debug|x86.ActiveCfg = Debug|x86
		{CFCDCCD5-B184-4D5A-A41B-6F8B6AE1CAD1}.Debug|x86.Build.0 = Debug|x86
		{CFCDCCD5-B184-4D5A-A41B-6F8B6AE1CAD1}.Release|x86.ActiveCfg = Release|x86
		{CFCDCCD5-B184-4D5A-A41B-6F8B6AE1CAD1}.Release|x86.Build.0 = Release|x86
		{1706D526-1ADC-4107-9EA2-67C5F46E6851}.Debug|x86.ActiveCfg = Debug|x86
		{1706D526-1ADC-4107-9EA2-67C5F46E6851}.Debug|x86.Build.0 = Debug|x86
		{1706D526-1ADC-4107-9EA2-67C5F46E6851}.Release|x86.ActiveCfg = Release|x86
		{1706D526-1ADC-4107-9EA2-67C5F46E6851}.Release|x86.Build.0 = Release|x86
	EndGlobalSection
	GlobalSection(SolutionProperties) = preSolution
		HideSolutionNode = FALSE
	EndGlobalSection
EndGlobal
