
Microsoft Visual Studio Solution File, Format Version 9.00
# Visual Studio 2005
Project("{FAE04EC0-301F-11D3-BF4B-00C04F79EFBC}") = "Timer", "Timer\Timer.csproj", "{344CE051-6255-4BBA-BFB3-5CF80032FF77}"
	ProjectSection(WebsiteProperties) = preProject
		Debug.AspNetCompiler.Debug = "True"
		Release.AspNetCompiler.Debug = "False"
	EndProjectSection
EndProject
Project("{FAE04EC0-301F-11D3-BF4B-00C04F79EFBC}") = "Random", "Random\Random.csproj", "{5D439402-4268-4D59-90E2-0B7A99BE5816}"
	ProjectSection(WebsiteProperties) = preProject
		Debug.AspNetCompiler.Debug = "True"
		Release.AspNetCompiler.Debug = "False"
	EndProjectSection
EndProject
Project("{FAE04EC0-301F-11D3-BF4B-00C04F79EFBC}") = "BMInOut", "BMInOut\BMInOut.csproj", "{1A1FAA2A-D1A2-4DFE-955A-3D88FD063315}"
	ProjectSection(WebsiteProperties) = preProject
		Debug.AspNetCompiler.Debug = "True"
		Release.AspNetCompiler.Debug = "False"
	EndProjectSection
EndProject
Project("{FAE04EC0-301F-11D3-BF4B-00C04F79EFBC}") = "LU", "LU\LU.csproj", "{6FB4399D-D9E5-41F9-BF37-C8577E890A58}"
	ProjectSection(WebsiteProperties) = preProject
		Debug.AspNetCompiler.Debug = "True"
		Release.AspNetCompiler.Debug = "False"
	EndProjectSection
EndProject
Project("{FAE04EC0-301F-11D3-BF4B-00C04F79EFBC}") = "SP", "SP\SP.csproj", "{CEE18CAC-FFB4-4A54-A66A-902B1DF6D1A0}"
	ProjectSection(WebsiteProperties) = preProject
		Debug.AspNetCompiler.Debug = "True"
		Release.AspNetCompiler.Debug = "False"
	EndProjectSection
EndProject
Project("{FAE04EC0-301F-11D3-BF4B-00C04F79EFBC}") = "BT", "BT\BT.csproj", "{75026821-2107-4985-90CD-0DBB52EAE9D0}"
	ProjectSection(WebsiteProperties) = preProject
		Debug.AspNetCompiler.Debug = "True"
		Release.AspNetCompiler.Debug = "False"
	EndProjectSection
EndProject
Project("{FAE04EC0-301F-11D3-BF4B-00C04F79EFBC}") = "FT", "FT\FT.csproj", "{2C6141C5-B36F-4B59-BFD7-84C2B634985A}"
	ProjectSection(WebsiteProperties) = preProject
		Debug.AspNetCompiler.Debug = "True"
		Release.AspNetCompiler.Debug = "False"
	EndProjectSection
EndProject
Project("{FAE04EC0-301F-11D3-BF4B-00C04F79EFBC}") = "CG", "CG\CG.csproj", "{EF253D63-7A02-4872-BC16-43E902F378C7}"
	ProjectSection(WebsiteProperties) = preProject
		Debug.AspNetCompiler.Debug = "True"
		Release.AspNetCompiler.Debug = "False"
	EndProjectSection
EndProject
Project("{FAE04EC0-301F-11D3-BF4B-00C04F79EFBC}") = "IS", "IS\IS.csproj", "{2AD51079-ECC1-4CCA-B203-579F2589CDE0}"
	ProjectSection(WebsiteProperties) = preProject
		Debug.AspNetCompiler.Debug = "True"
		Release.AspNetCompiler.Debug = "False"
	EndProjectSection
EndProject
Project("{FAE04EC0-301F-11D3-BF4B-00C04F79EFBC}") = "MG", "MG\MG.csproj", "{2E18AE18-AEB6-4239-8478-C7957ADD10A0}"
	ProjectSection(WebsiteProperties) = preProject
		Debug.AspNetCompiler.Debug = "True"
		Release.AspNetCompiler.Debug = "False"
	EndProjectSection
EndProject
Project("{FAE04EC0-301F-11D3-BF4B-00C04F79EFBC}") = "SP.MPI", "SP.MPI\SP.MPI.csproj", "{2EF3CA53-0726-422A-AAC0-CE6A16F33620}"
	ProjectSection(WebsiteProperties) = preProject
		Debug.AspNetCompiler.Debug = "True"
		Release.AspNetCompiler.Debug = "False"
	EndProjectSection
EndProject
Project("{FAE04EC0-301F-11D3-BF4B-00C04F79EFBC}") = "FT.MPI", "FT.MPI\FT.MPI.csproj", "{3FD34379-FBEC-4FA0-81BD-7322C4F63564}"
	ProjectSection(WebsiteProperties) = preProject
		Debug.AspNetCompiler.Debug = "True"
		Release.AspNetCompiler.Debug = "False"
	EndProjectSection
EndProject
Project("{FAE04EC0-301F-11D3-BF4B-00C04F79EFBC}") = "BT.MPI", "BT.MPI\BT.MPI.csproj", "{1525F7D1-E613-4227-9041-09D9FE489B02}"
	ProjectSection(WebsiteProperties) = preProject
		Debug.AspNetCompiler.Debug = "True"
		Release.AspNetCompiler.Debug = "False"
	EndProjectSection
EndProject
Project("{FAE04EC0-301F-11D3-BF4B-00C04F79EFBC}") = "LU.MPI", "LU.MPI\LU.MPI.csproj", "{0DD58B14-E8B6-4DA0-B5E3-9599C3DDD2EF}"
	ProjectSection(WebsiteProperties) = preProject
		Debug.AspNetCompiler.Debug = "True"
		Release.AspNetCompiler.Debug = "False"
	EndProjectSection
EndProject
Project("{FAE04EC0-301F-11D3-BF4B-00C04F79EFBC}") = "Common.MPI", "Common.MPI\Common.MPI.csproj", "{EE117C49-BD6C-4535-964C-04CD5009B4AB}"
	ProjectSection(WebsiteProperties) = preProject
		Debug.AspNetCompiler.Debug = "True"
		Release.AspNetCompiler.Debug = "False"
	EndProjectSection
EndProject
Project("{FAE04EC0-301F-11D3-BF4B-00C04F79EFBC}") = "SP.MPI.2", "SP.MPI.2\SP.MPI.2.csproj", "{31769612-CA67-443F-A499-E644E3610D30}"
	ProjectSection(WebsiteProperties) = preProject
		Debug.AspNetCompiler.Debug = "True"
		Release.AspNetCompiler.Debug = "False"
	EndProjectSection
EndProject
Global
	GlobalSection(SolutionConfigurationPlatforms) = preSolution
		Debug|Any CPU = Debug|Any CPU
		MPI|Any CPU = MPI|Any CPU
		Release|Any CPU = Release|Any CPU
	EndGlobalSection
	GlobalSection(ProjectConfigurationPlatforms) = postSolution
		{344CE051-6255-4BBA-BFB3-5CF80032FF77}.Debug|Any CPU.ActiveCfg = Debug|Any CPU
		{344CE051-6255-4BBA-BFB3-5CF80032FF77}.Debug|Any CPU.Build.0 = Debug|Any CPU
		{344CE051-6255-4BBA-BFB3-5CF80032FF77}.MPI|Any CPU.ActiveCfg = Release|Any CPU
		{344CE051-6255-4BBA-BFB3-5CF80032FF77}.MPI|Any CPU.Build.0 = Release|Any CPU
		{344CE051-6255-4BBA-BFB3-5CF80032FF77}.Release|Any CPU.ActiveCfg = Release|Any CPU
		{344CE051-6255-4BBA-BFB3-5CF80032FF77}.Release|Any CPU.Build.0 = Release|Any CPU
		{5D439402-4268-4D59-90E2-0B7A99BE5816}.Debug|Any CPU.ActiveCfg = Debug|Any CPU
		{5D439402-4268-4D59-90E2-0B7A99BE5816}.Debug|Any CPU.Build.0 = Debug|Any CPU
		{5D439402-4268-4D59-90E2-0B7A99BE5816}.MPI|Any CPU.ActiveCfg = Release|Any CPU
		{5D439402-4268-4D59-90E2-0B7A99BE5816}.MPI|Any CPU.Build.0 = Release|Any CPU
		{5D439402-4268-4D59-90E2-0B7A99BE5816}.Release|Any CPU.ActiveCfg = Release|Any CPU
		{5D439402-4268-4D59-90E2-0B7A99BE5816}.Release|Any CPU.Build.0 = Release|Any CPU
		{1A1FAA2A-D1A2-4DFE-955A-3D88FD063315}.Debug|Any CPU.ActiveCfg = Debug|Any CPU
		{1A1FAA2A-D1A2-4DFE-955A-3D88FD063315}.Debug|Any CPU.Build.0 = Debug|Any CPU
		{1A1FAA2A-D1A2-4DFE-955A-3D88FD063315}.MPI|Any CPU.ActiveCfg = Release|Any CPU
		{1A1FAA2A-D1A2-4DFE-955A-3D88FD063315}.MPI|Any CPU.Build.0 = Release|Any CPU
		{1A1FAA2A-D1A2-4DFE-955A-3D88FD063315}.Release|Any CPU.ActiveCfg = Release|Any CPU
		{1A1FAA2A-D1A2-4DFE-955A-3D88FD063315}.Release|Any CPU.Build.0 = Release|Any CPU
		{6FB4399D-D9E5-41F9-BF37-C8577E890A58}.Debug|Any CPU.ActiveCfg = Debug|Any CPU
		{6FB4399D-D9E5-41F9-BF37-C8577E890A58}.Debug|Any CPU.Build.0 = Debug|Any CPU
		{6FB4399D-D9E5-41F9-BF37-C8577E890A58}.MPI|Any CPU.ActiveCfg = Release|Any CPU
		{6FB4399D-D9E5-41F9-BF37-C8577E890A58}.MPI|Any CPU.Build.0 = Release|Any CPU
		{6FB4399D-D9E5-41F9-BF37-C8577E890A58}.Release|Any CPU.ActiveCfg = Release|Any CPU
		{6FB4399D-D9E5-41F9-BF37-C8577E890A58}.Release|Any CPU.Build.0 = Release|Any CPU
		{CEE18CAC-FFB4-4A54-A66A-902B1DF6D1A0}.Debug|Any CPU.ActiveCfg = Debug|Any CPU
		{CEE18CAC-FFB4-4A54-A66A-902B1DF6D1A0}.Debug|Any CPU.Build.0 = Debug|Any CPU
		{CEE18CAC-FFB4-4A54-A66A-902B1DF6D1A0}.MPI|Any CPU.ActiveCfg = Release|Any CPU
		{CEE18CAC-FFB4-4A54-A66A-902B1DF6D1A0}.MPI|Any CPU.Build.0 = Release|Any CPU
		{CEE18CAC-FFB4-4A54-A66A-902B1DF6D1A0}.Release|Any CPU.ActiveCfg = Release|Any CPU
		{CEE18CAC-FFB4-4A54-A66A-902B1DF6D1A0}.Release|Any CPU.Build.0 = Release|Any CPU
		{75026821-2107-4985-90CD-0DBB52EAE9D0}.Debug|Any CPU.ActiveCfg = Debug|Any CPU
		{75026821-2107-4985-90CD-0DBB52EAE9D0}.Debug|Any CPU.Build.0 = Debug|Any CPU
		{75026821-2107-4985-90CD-0DBB52EAE9D0}.MPI|Any CPU.ActiveCfg = Release|Any CPU
		{75026821-2107-4985-90CD-0DBB52EAE9D0}.MPI|Any CPU.Build.0 = Release|Any CPU
		{75026821-2107-4985-90CD-0DBB52EAE9D0}.Release|Any CPU.ActiveCfg = Release|Any CPU
		{75026821-2107-4985-90CD-0DBB52EAE9D0}.Release|Any CPU.Build.0 = Release|Any CPU
		{2C6141C5-B36F-4B59-BFD7-84C2B634985A}.Debug|Any CPU.ActiveCfg = Debug|Any CPU
		{2C6141C5-B36F-4B59-BFD7-84C2B634985A}.Debug|Any CPU.Build.0 = Debug|Any CPU
		{2C6141C5-B36F-4B59-BFD7-84C2B634985A}.MPI|Any CPU.ActiveCfg = Release|Any CPU
		{2C6141C5-B36F-4B59-BFD7-84C2B634985A}.MPI|Any CPU.Build.0 = Release|Any CPU
		{2C6141C5-B36F-4B59-BFD7-84C2B634985A}.Release|Any CPU.ActiveCfg = Release|Any CPU
		{2C6141C5-B36F-4B59-BFD7-84C2B634985A}.Release|Any CPU.Build.0 = Release|Any CPU
		{EF253D63-7A02-4872-BC16-43E902F378C7}.Debug|Any CPU.ActiveCfg = Debug|Any CPU
		{EF253D63-7A02-4872-BC16-43E902F378C7}.Debug|Any CPU.Build.0 = Debug|Any CPU
		{EF253D63-7A02-4872-BC16-43E902F378C7}.MPI|Any CPU.ActiveCfg = Release|Any CPU
		{EF253D63-7A02-4872-BC16-43E902F378C7}.MPI|Any CPU.Build.0 = Release|Any CPU
		{EF253D63-7A02-4872-BC16-43E902F378C7}.Release|Any CPU.ActiveCfg = Release|Any CPU
		{EF253D63-7A02-4872-BC16-43E902F378C7}.Release|Any CPU.Build.0 = Release|Any CPU
		{2AD51079-ECC1-4CCA-B203-579F2589CDE0}.Debug|Any CPU.ActiveCfg = Debug|Any CPU
		{2AD51079-ECC1-4CCA-B203-579F2589CDE0}.Debug|Any CPU.Build.0 = Debug|Any CPU
		{2AD51079-ECC1-4CCA-B203-579F2589CDE0}.MPI|Any CPU.ActiveCfg = Release|Any CPU
		{2AD51079-ECC1-4CCA-B203-579F2589CDE0}.MPI|Any CPU.Build.0 = Release|Any CPU
		{2AD51079-ECC1-4CCA-B203-579F2589CDE0}.Release|Any CPU.ActiveCfg = Release|Any CPU
		{2AD51079-ECC1-4CCA-B203-579F2589CDE0}.Release|Any CPU.Build.0 = Release|Any CPU
		{2E18AE18-AEB6-4239-8478-C7957ADD10A0}.Debug|Any CPU.ActiveCfg = Debug|Any CPU
		{2E18AE18-AEB6-4239-8478-C7957ADD10A0}.Debug|Any CPU.Build.0 = Debug|Any CPU
		{2E18AE18-AEB6-4239-8478-C7957ADD10A0}.MPI|Any CPU.ActiveCfg = Release|Any CPU
		{2E18AE18-AEB6-4239-8478-C7957ADD10A0}.MPI|Any CPU.Build.0 = Release|Any CPU
		{2E18AE18-AEB6-4239-8478-C7957ADD10A0}.Release|Any CPU.ActiveCfg = Release|Any CPU
		{2E18AE18-AEB6-4239-8478-C7957ADD10A0}.Release|Any CPU.Build.0 = Release|Any CPU
		{2EF3CA53-0726-422A-AAC0-CE6A16F33620}.Debug|Any CPU.ActiveCfg = Debug|Any CPU
		{2EF3CA53-0726-422A-AAC0-CE6A16F33620}.Debug|Any CPU.Build.0 = Debug|Any CPU
		{2EF3CA53-0726-422A-AAC0-CE6A16F33620}.MPI|Any CPU.ActiveCfg = Release|Any CPU
		{2EF3CA53-0726-422A-AAC0-CE6A16F33620}.MPI|Any CPU.Build.0 = Release|Any CPU
		{2EF3CA53-0726-422A-AAC0-CE6A16F33620}.Release|Any CPU.ActiveCfg = Release|Any CPU
		{2EF3CA53-0726-422A-AAC0-CE6A16F33620}.Release|Any CPU.Build.0 = Release|Any CPU
		{3FD34379-FBEC-4FA0-81BD-7322C4F63564}.Debug|Any CPU.ActiveCfg = Debug|Any CPU
		{3FD34379-FBEC-4FA0-81BD-7322C4F63564}.Debug|Any CPU.Build.0 = Debug|Any CPU
		{3FD34379-FBEC-4FA0-81BD-7322C4F63564}.MPI|Any CPU.ActiveCfg = MPI|Any CPU
		{3FD34379-FBEC-4FA0-81BD-7322C4F63564}.MPI|Any CPU.Build.0 = MPI|Any CPU
		{3FD34379-FBEC-4FA0-81BD-7322C4F63564}.Release|Any CPU.ActiveCfg = Release|Any CPU
		{3FD34379-FBEC-4FA0-81BD-7322C4F63564}.Release|Any CPU.Build.0 = Release|Any CPU
		{1525F7D1-E613-4227-9041-09D9FE489B02}.Debug|Any CPU.ActiveCfg = Debug|Any CPU
		{1525F7D1-E613-4227-9041-09D9FE489B02}.Debug|Any CPU.Build.0 = Debug|Any CPU
		{1525F7D1-E613-4227-9041-09D9FE489B02}.MPI|Any CPU.ActiveCfg = MPI|Any CPU
		{1525F7D1-E613-4227-9041-09D9FE489B02}.MPI|Any CPU.Build.0 = MPI|Any CPU
		{1525F7D1-E613-4227-9041-09D9FE489B02}.Release|Any CPU.ActiveCfg = Release|Any CPU
		{1525F7D1-E613-4227-9041-09D9FE489B02}.Release|Any CPU.Build.0 = Release|Any CPU
		{0DD58B14-E8B6-4DA0-B5E3-9599C3DDD2EF}.Debug|Any CPU.ActiveCfg = Debug|Any CPU
		{0DD58B14-E8B6-4DA0-B5E3-9599C3DDD2EF}.Debug|Any CPU.Build.0 = Debug|Any CPU
		{0DD58B14-E8B6-4DA0-B5E3-9599C3DDD2EF}.MPI|Any CPU.ActiveCfg = MPI|Any CPU
		{0DD58B14-E8B6-4DA0-B5E3-9599C3DDD2EF}.MPI|Any CPU.Build.0 = MPI|Any CPU
		{0DD58B14-E8B6-4DA0-B5E3-9599C3DDD2EF}.Release|Any CPU.ActiveCfg = Release|Any CPU
		{0DD58B14-E8B6-4DA0-B5E3-9599C3DDD2EF}.Release|Any CPU.Build.0 = Release|Any CPU
		{EE117C49-BD6C-4535-964C-04CD5009B4AB}.Debug|Any CPU.ActiveCfg = Debug|Any CPU
		{EE117C49-BD6C-4535-964C-04CD5009B4AB}.Debug|Any CPU.Build.0 = Debug|Any CPU
		{EE117C49-BD6C-4535-964C-04CD5009B4AB}.MPI|Any CPU.ActiveCfg = MPI|Any CPU
		{EE117C49-BD6C-4535-964C-04CD5009B4AB}.MPI|Any CPU.Build.0 = MPI|Any CPU
		{EE117C49-BD6C-4535-964C-04CD5009B4AB}.Release|Any CPU.ActiveCfg = Release|Any CPU
		{EE117C49-BD6C-4535-964C-04CD5009B4AB}.Release|Any CPU.Build.0 = Release|Any CPU
		{31769612-CA67-443F-A499-E644E3610D30}.Debug|Any CPU.ActiveCfg = Debug|Any CPU
		{31769612-CA67-443F-A499-E644E3610D30}.Debug|Any CPU.Build.0 = Debug|Any CPU
		{31769612-CA67-443F-A499-E644E3610D30}.MPI|Any CPU.ActiveCfg = Release|Any CPU
		{31769612-CA67-443F-A499-E644E3610D30}.MPI|Any CPU.Build.0 = Release|Any CPU
		{31769612-CA67-443F-A499-E644E3610D30}.Release|Any CPU.ActiveCfg = Release|Any CPU
		{31769612-CA67-443F-A499-E644E3610D30}.Release|Any CPU.Build.0 = Release|Any CPU
	EndGlobalSection
	GlobalSection(SolutionProperties) = preSolution
		HideSolutionNode = FALSE
	EndGlobalSection
	GlobalSection(SubversionScc) = preSolution
		Svn-Managed = True
		Manager = AnkhSVN - Subversion Support for Visual Studio
	EndGlobalSection
EndGlobal
